
Microsoft Visual Studio Solution File, Format Version 12.00
# Visual Studio Version 17
VisualStudioVersion = 17.4.33110.190
MinimumVisualStudioVersion = 10.0.40219.1
Project("{FAE04EC0-301F-11D3-BF4B-00C04F79EFBC}") = "Labb 3 Anropa Databasen SQL och ORM", "Labb 3 Anropa Databasen SQL och ORM\Labb 3 Anropa Databasen SQL och ORM.csproj", "{023674E6-2F2B-4EE0-B78D-13DAE2E92DF0}"
EndProject
Global
	GlobalSection(SolutionConfigurationPlatforms) = preSolution
		Debug|Any CPU = Debug|Any CPU
		Release|Any CPU = Release|Any CPU
	EndGlobalSection
	GlobalSection(ProjectConfigurationPlatforms) = postSolution
		{023674E6-2F2B-4EE0-B78D-13DAE2E92DF0}.Debug|Any CPU.ActiveCfg = Debug|Any CPU
		{023674E6-2F2B-4EE0-B78D-13DAE2E92DF0}.Debug|Any CPU.Build.0 = Debug|Any CPU
		{023674E6-2F2B-4EE0-B78D-13DAE2E92DF0}.Release|Any CPU.ActiveCfg = Release|Any CPU
		{023674E6-2F2B-4EE0-B78D-13DAE2E92DF0}.Release|Any CPU.Build.0 = Release|Any CPU
	EndGlobalSection
	GlobalSection(SolutionProperties) = preSolution
		HideSolutionNode = FALSE
	EndGlobalSection
	GlobalSection(ExtensibilityGlobals) = postSolution
		SolutionGuid = {D649FE2A-F8C5-4DEC-B77B-7A2508E35B33}
	EndGlobalSection
EndGlobal
